{
  "name": "twitch-shots",
  "version": "0.1.0",
  "lockfileVersion": 1,
  "requires": true,
  "dependencies": {
    "l1-zap-contracts": {
      "version": "file:../l1-zap-contracts",
      "requires": {
        "@openzeppelin/contracts": "^4.0.0",
        "dotenv": "^8.2.0",
        "eth-sig-util": "^3.0.1",
        "solc": "^0.8.3"
      }
    }
  }
}
